{
  "name": "code",
  "version": "1.0.0",
  "lockfileVersion": 1,
  "requires": true,
  "dependencies": {
    "esbuild": {
      "version": "0.6.15",
      "resolved": "https://registry.npmjs.org/esbuild/-/esbuild-0.6.15.tgz",
      "integrity": "sha512-A/F3YK+mTB8RVYcKK85iIzJArrkYrWEjLg82T6Kvku7KWzPd9XpOtHgOK4jkF0whXmnELHUhJlVcyxUItu2DQQ==",
      "dev": true
    },
    "polygon-clipping": {
      "version": "0.15.1",
      "resolved": "https://registry.npmjs.org/polygon-clipping/-/polygon-clipping-0.15.1.tgz",
      "integrity": "sha512-6tvqlvuSu+CLe0RtS51sG43iU31h4zwyLAESMW/Kv+iNb62lSwxvGJhlLNduS4JTtX3mtBrg8Bbl/QCpC2I+hA==",
      "requires": {
        "splaytree": "^3.0.1"
      }
    },
    "splaytree": {
      "version": "3.0.1",
      "resolved": "https://registry.npmjs.org/splaytree/-/splaytree-3.0.1.tgz",
      "integrity": "sha512-WvQIHRDXLSVn72xjlIG/WGhv/4QO3m+iY2TpVdFRaXd1+/vkNlpkpw1QaNH5taghF9eWXDHWMWnzXyicR8d6ig=="
    }
  }
}
